
Microsoft Visual Studio Solution File, Format Version 12.00
# Visual Studio 15
Project("{FAE04EC0-301F-11D3-BF4B-00C04F79EFBC}") = "Assembly-CSharp-firstpass", "Assembly-CSharp-firstpass.csproj", "{94384D64-0877-56DC-42CA-039BD71E1660}"
EndProject
Project("{FAE04EC0-301F-11D3-BF4B-00C04F79EFBC}") = "Assembly-CSharp", "Assembly-CSharp.csproj", "{0C430E6C-D061-54B1-FE73-75C0116A09D4}"
EndProject
Project("{FAE04EC0-301F-11D3-BF4B-00C04F79EFBC}") = "Assembly-CSharp-Editor", "Assembly-CSharp-Editor.csproj", "{2FB96EC9-639F-58E0-043A-EC5C01DC9E56}"
EndProject
Project("{FAE04EC0-301F-11D3-BF4B-00C04F79EFBC}") = "Assembly-CSharp-Editor-firstpass", "Assembly-CSharp-Editor-firstpass.csproj", "{0E8CE33B-642F-BA83-150F-66DF9094AFBE}"
EndProject
Global
	GlobalSection(SolutionConfigurationPlatforms) = preSolution
		Debug|Any CPU = Debug|Any CPU
		Release|Any CPU = Release|Any CPU
	EndGlobalSection
	GlobalSection(ProjectConfigurationPlatforms) = postSolution
		{94384D64-0877-56DC-42CA-039BD71E1660}.Debug|Any CPU.ActiveCfg = Debug|Any CPU
		{94384D64-0877-56DC-42CA-039BD71E1660}.Debug|Any CPU.Build.0 = Debug|Any CPU
		{94384D64-0877-56DC-42CA-039BD71E1660}.Release|Any CPU.ActiveCfg = Release|Any CPU
		{94384D64-0877-56DC-42CA-039BD71E1660}.Release|Any CPU.Build.0 = Release|Any CPU
		{0C430E6C-D061-54B1-FE73-75C0116A09D4}.Debug|Any CPU.ActiveCfg = Debug|Any CPU
		{0C430E6C-D061-54B1-FE73-75C0116A09D4}.Debug|Any CPU.Build.0 = Debug|Any CPU
		{0C430E6C-D061-54B1-FE73-75C0116A09D4}.Release|Any CPU.ActiveCfg = Release|Any CPU
		{0C430E6C-D061-54B1-FE73-75C0116A09D4}.Release|Any CPU.Build.0 = Release|Any CPU
		{2FB96EC9-639F-58E0-043A-EC5C01DC9E56}.Debug|Any CPU.ActiveCfg = Debug|Any CPU
		{2FB96EC9-639F-58E0-043A-EC5C01DC9E56}.Debug|Any CPU.Build.0 = Debug|Any CPU
		{2FB96EC9-639F-58E0-043A-EC5C01DC9E56}.Release|Any CPU.ActiveCfg = Release|Any CPU
		{2FB96EC9-639F-58E0-043A-EC5C01DC9E56}.Release|Any CPU.Build.0 = Release|Any CPU
		{0E8CE33B-642F-BA83-150F-66DF9094AFBE}.Debug|Any CPU.ActiveCfg = Debug|Any CPU
		{0E8CE33B-642F-BA83-150F-66DF9094AFBE}.Debug|Any CPU.Build.0 = Debug|Any CPU
		{0E8CE33B-642F-BA83-150F-66DF9094AFBE}.Release|Any CPU.ActiveCfg = Release|Any CPU
		{0E8CE33B-642F-BA83-150F-66DF9094AFBE}.Release|Any CPU.Build.0 = Release|Any CPU
	EndGlobalSection
	GlobalSection(SolutionProperties) = preSolution
		HideSolutionNode = FALSE
	EndGlobalSection
EndGlobal
