
Microsoft Visual Studio Solution File, Format Version 12.00
# Visual Studio 15
Project("{FAE04EC0-301F-11D3-BF4B-00C04F79EFBC}") = "Assembly-CSharp", "Assembly-CSharp.csproj", "{E4E41FF6-894F-D1C2-A02F-5EE194C06E00}"
EndProject
Project("{FAE04EC0-301F-11D3-BF4B-00C04F79EFBC}") = "Assembly-CSharp-firstpass", "Assembly-CSharp-firstpass.csproj", "{C8FC4616-7EE1-42A1-8B4F-C966CAD4B76D}"
EndProject
Project("{FAE04EC0-301F-11D3-BF4B-00C04F79EFBC}") = "Assembly-CSharp-Editor", "Assembly-CSharp-Editor.csproj", "{0A2828C8-B34C-D85C-6008-B097A8D3C1B4}"
EndProject
Global
	GlobalSection(SolutionConfigurationPlatforms) = preSolution
		Debug|Any CPU = Debug|Any CPU
		Release|Any CPU = Release|Any CPU
	EndGlobalSection
	GlobalSection(ProjectConfigurationPlatforms) = postSolution
		{E4E41FF6-894F-D1C2-A02F-5EE194C06E00}.Debug|Any CPU.ActiveCfg = Debug|Any CPU
		{E4E41FF6-894F-D1C2-A02F-5EE194C06E00}.Debug|Any CPU.Build.0 = Debug|Any CPU
		{E4E41FF6-894F-D1C2-A02F-5EE194C06E00}.Release|Any CPU.ActiveCfg = Release|Any CPU
		{E4E41FF6-894F-D1C2-A02F-5EE194C06E00}.Release|Any CPU.Build.0 = Release|Any CPU
		{C8FC4616-7EE1-42A1-8B4F-C966CAD4B76D}.Debug|Any CPU.ActiveCfg = Debug|Any CPU
		{C8FC4616-7EE1-42A1-8B4F-C966CAD4B76D}.Debug|Any CPU.Build.0 = Debug|Any CPU
		{C8FC4616-7EE1-42A1-8B4F-C966CAD4B76D}.Release|Any CPU.ActiveCfg = Release|Any CPU
		{C8FC4616-7EE1-42A1-8B4F-C966CAD4B76D}.Release|Any CPU.Build.0 = Release|Any CPU
		{0A2828C8-B34C-D85C-6008-B097A8D3C1B4}.Debug|Any CPU.ActiveCfg = Debug|Any CPU
		{0A2828C8-B34C-D85C-6008-B097A8D3C1B4}.Debug|Any CPU.Build.0 = Debug|Any CPU
		{0A2828C8-B34C-D85C-6008-B097A8D3C1B4}.Release|Any CPU.ActiveCfg = Release|Any CPU
		{0A2828C8-B34C-D85C-6008-B097A8D3C1B4}.Release|Any CPU.Build.0 = Release|Any CPU
	EndGlobalSection
	GlobalSection(SolutionProperties) = preSolution
		HideSolutionNode = FALSE
	EndGlobalSection
EndGlobal
